
Microsoft Visual Studio Solution File, Format Version 12.00
# Visual Studio Version 17
VisualStudioVersion = 17.5.002.0
MinimumVisualStudioVersion = 10.0.40219.1
Project("{2150E333-8FDC-42A3-9474-1A3956D46DE8}") = "src", "src", "{E4EB9020-CB4F-4B16-99F9-344D05DCB227}"
EndProject
Project("{9A19103F-16F7-4668-BE54-9A1E7A4F7556}") = "Play.Catalog.Service", "src\Play.Catalog.Service\Play.Catalog.Service.csproj", "{E22F96C6-7941-449A-BB05-1E128D2D313F}"
EndProject
Global
	GlobalSection(SolutionConfigurationPlatforms) = preSolution
		Debug|Any CPU = Debug|Any CPU
		Release|Any CPU = Release|Any CPU
	EndGlobalSection
	GlobalSection(ProjectConfigurationPlatforms) = postSolution
		{E22F96C6-7941-449A-BB05-1E128D2D313F}.Debug|Any CPU.ActiveCfg = Debug|Any CPU
		{E22F96C6-7941-449A-BB05-1E128D2D313F}.Debug|Any CPU.Build.0 = Debug|Any CPU
		{E22F96C6-7941-449A-BB05-1E128D2D313F}.Release|Any CPU.ActiveCfg = Release|Any CPU
		{E22F96C6-7941-449A-BB05-1E128D2D313F}.Release|Any CPU.Build.0 = Release|Any CPU
	EndGlobalSection
	GlobalSection(SolutionProperties) = preSolution
		HideSolutionNode = FALSE
	EndGlobalSection
	GlobalSection(NestedProjects) = preSolution
		{E22F96C6-7941-449A-BB05-1E128D2D313F} = {E4EB9020-CB4F-4B16-99F9-344D05DCB227}
	EndGlobalSection
	GlobalSection(ExtensibilityGlobals) = postSolution
		SolutionGuid = {FCB3ACB1-D87B-4DD0-AC07-B08BDAE50247}
	EndGlobalSection
EndGlobal
